#MicroXplorer Configuration settings - do not modify
ADC1.Channel-0\#ChannelRegularConversion=ADC_CHANNEL_4
ADC1.ClockPrescaler=ADC_CLOCK_ASYNC_DIV64
ADC1.IPParameters=Rank-0\#ChannelRegularConversion,master,Channel-0\#ChannelRegularConversion,SamplingTime-0\#ChannelRegularConversion,OffsetNumber-0\#ChannelRegularConversion,OffsetSignedSaturation-0\#ChannelRegularConversion,NbrOfConversionFlag,ClockPrescaler
ADC1.NbrOfConversionFlag=1
ADC1.OffsetNumber-0\#ChannelRegularConversion=ADC_OFFSET_NONE
ADC1.OffsetSignedSaturation-0\#ChannelRegularConversion=DISABLE
ADC1.Rank-0\#ChannelRegularConversion=1
ADC1.SamplingTime-0\#ChannelRegularConversion=ADC_SAMPLETIME_64CYCLES_5
ADC1.master=1
Bdma.Request0=SPI6_TX
Bdma.RequestsNb=1
Bdma.SPI6_TX.0.Direction=DMA_MEMORY_TO_PERIPH
Bdma.SPI6_TX.0.EventEnable=DISABLE
Bdma.SPI6_TX.0.Instance=BDMA_Channel0
Bdma.SPI6_TX.0.MemDataAlignment=DMA_MDATAALIGN_BYTE
Bdma.SPI6_TX.0.MemInc=DMA_MINC_ENABLE
Bdma.SPI6_TX.0.Mode=DMA_NORMAL
Bdma.SPI6_TX.0.PeriphDataAlignment=DMA_PDATAALIGN_BYTE
Bdma.SPI6_TX.0.PeriphInc=DMA_PINC_DISABLE
Bdma.SPI6_TX.0.Polarity=HAL_DMAMUX_REQ_GEN_RISING
Bdma.SPI6_TX.0.Priority=DMA_PRIORITY_LOW
Bdma.SPI6_TX.0.RequestNumber=1
Bdma.SPI6_TX.0.RequestParameters=Instance,Direction,PeriphInc,MemInc,PeriphDataAlignment,MemDataAlignment,Mode,Priority,SignalID,Polarity,RequestNumber,SyncSignalID,SyncPolarity,SyncEnable,EventEnable,SyncRequestNumber
Bdma.SPI6_TX.0.SignalID=NONE
Bdma.SPI6_TX.0.SyncEnable=DISABLE
Bdma.SPI6_TX.0.SyncPolarity=HAL_DMAMUX_SYNC_NO_EVENT
Bdma.SPI6_TX.0.SyncRequestNumber=1
Bdma.SPI6_TX.0.SyncSignalID=NONE
CAD.formats=
CAD.pinconfig=
CAD.provider=
CORTEX_M7.CPU_DCache=Enabled
CORTEX_M7.CPU_ICache=Enabled
CORTEX_M7.IPParameters=CPU_ICache,CPU_DCache
Dma.Request0=USART10_TX
Dma.Request1=UART5_RX
Dma.RequestsNb=2
Dma.UART5_RX.1.Direction=DMA_PERIPH_TO_MEMORY
Dma.UART5_RX.1.EventEnable=DISABLE
Dma.UART5_RX.1.FIFOMode=DMA_FIFOMODE_DISABLE
Dma.UART5_RX.1.Instance=DMA1_Stream1
Dma.UART5_RX.1.MemDataAlignment=DMA_MDATAALIGN_BYTE
Dma.UART5_RX.1.MemInc=DMA_MINC_ENABLE
Dma.UART5_RX.1.Mode=DMA_NORMAL
Dma.UART5_RX.1.PeriphDataAlignment=DMA_PDATAALIGN_BYTE
Dma.UART5_RX.1.PeriphInc=DMA_PINC_DISABLE
Dma.UART5_RX.1.Polarity=HAL_DMAMUX_REQ_GEN_RISING
Dma.UART5_RX.1.Priority=DMA_PRIORITY_LOW
Dma.UART5_RX.1.RequestNumber=1
Dma.UART5_RX.1.RequestParameters=Instance,Direction,PeriphInc,MemInc,PeriphDataAlignment,MemDataAlignment,Mode,Priority,FIFOMode,SignalID,Polarity,RequestNumber,SyncSignalID,SyncPolarity,SyncEnable,EventEnable,SyncRequestNumber
Dma.UART5_RX.1.SignalID=NONE
Dma.UART5_RX.1.SyncEnable=DISABLE
Dma.UART5_RX.1.SyncPolarity=HAL_DMAMUX_SYNC_NO_EVENT
Dma.UART5_RX.1.SyncRequestNumber=1
Dma.UART5_RX.1.SyncSignalID=NONE
Dma.USART10_TX.0.Direction=DMA_MEMORY_TO_PERIPH
Dma.USART10_TX.0.EventEnable=DISABLE
Dma.USART10_TX.0.FIFOMode=DMA_FIFOMODE_DISABLE
Dma.USART10_TX.0.Instance=DMA1_Stream0
Dma.USART10_TX.0.MemDataAlignment=DMA_MDATAALIGN_BYTE
Dma.USART10_TX.0.MemInc=DMA_MINC_ENABLE
Dma.USART10_TX.0.Mode=DMA_NORMAL
Dma.USART10_TX.0.PeriphDataAlignment=DMA_PDATAALIGN_BYTE
Dma.USART10_TX.0.PeriphInc=DMA_PINC_DISABLE
Dma.USART10_TX.0.Polarity=HAL_DMAMUX_REQ_GEN_RISING
Dma.USART10_TX.0.Priority=DMA_PRIORITY_LOW
Dma.USART10_TX.0.RequestNumber=1
Dma.USART10_TX.0.RequestParameters=Instance,Direction,PeriphInc,MemInc,PeriphDataAlignment,MemDataAlignment,Mode,Priority,FIFOMode,SignalID,Polarity,RequestNumber,SyncSignalID,SyncPolarity,SyncEnable,EventEnable,SyncRequestNumber
Dma.USART10_TX.0.SignalID=NONE
Dma.USART10_TX.0.SyncEnable=DISABLE
Dma.USART10_TX.0.SyncPolarity=HAL_DMAMUX_SYNC_NO_EVENT
Dma.USART10_TX.0.SyncRequestNumber=1
Dma.USART10_TX.0.SyncSignalID=NONE
FDCAN1.CalculateBaudRateNominal=1000000
FDCAN1.CalculateTimeBitNominal=1000
FDCAN1.CalculateTimeQuantumNominal=166.66666666666666
FDCAN1.DataPrescaler=4
FDCAN1.DataTimeSeg1=3
FDCAN1.DataTimeSeg2=2
FDCAN1.IPParameters=CalculateTimeQuantumNominal,CalculateTimeBitNominal,CalculateBaudRateNominal,NominalPrescaler,NominalTimeSeg1,DataPrescaler,DataTimeSeg1,DataTimeSeg2,NominalSyncJumpWidth,StdFiltersNbr,RxFifo0ElmtsNbr,TxFifoQueueElmtsNbr,MessageRAMOffset,RxFifo1ElmtsNbr
FDCAN1.MessageRAMOffset=0
FDCAN1.NominalPrescaler=4
FDCAN1.NominalSyncJumpWidth=1
FDCAN1.NominalTimeSeg1=3
FDCAN1.RxFifo0ElmtsNbr=32
FDCAN1.RxFifo1ElmtsNbr=0
FDCAN1.StdFiltersNbr=1
FDCAN1.TxFifoQueueElmtsNbr=6
FDCAN2.CalculateBaudRateNominal=1000000
FDCAN2.CalculateTimeBitNominal=1000
FDCAN2.CalculateTimeQuantumNominal=166.66666666666666
FDCAN2.DataPrescaler=4
FDCAN2.DataTimeSeg1=3
FDCAN2.DataTimeSeg2=2
FDCAN2.IPParameters=CalculateTimeQuantumNominal,CalculateTimeBitNominal,CalculateBaudRateNominal,DataPrescaler,DataTimeSeg1,DataTimeSeg2,MessageRAMOffset,StdFiltersNbr,RxFifo1ElmtsNbr,TxFifoQueueElmtsNbr,NominalPrescaler,NominalTimeSeg1,NominalTimeSeg2
FDCAN2.MessageRAMOffset=0x406
FDCAN2.NominalPrescaler=4
FDCAN2.NominalTimeSeg1=3
FDCAN2.NominalTimeSeg2=2
FDCAN2.RxFifo1ElmtsNbr=32
FDCAN2.StdFiltersNbr=1
FDCAN2.TxFifoQueueElmtsNbr=6
File.Version=6
GPIO.groupedBy=Group By Peripherals
KeepUserPlacement=false
Mcu.CPN=STM32H723VET6
Mcu.Family=STM32H7
Mcu.IP0=ADC1
Mcu.IP1=BDMA
Mcu.IP10=SPI6
Mcu.IP11=SYS
Mcu.IP12=TIM3
Mcu.IP13=TIM12
Mcu.IP14=UART5
Mcu.IP15=USART10
Mcu.IP2=CORTEX_M7
Mcu.IP3=DEBUG
Mcu.IP4=DMA
Mcu.IP5=FDCAN1
Mcu.IP6=FDCAN2
Mcu.IP7=NVIC
Mcu.IP8=RCC
Mcu.IP9=SPI2
Mcu.IPNb=16
Mcu.Name=STM32H723VETx
Mcu.Package=LQFP100
Mcu.Pin0=PE2
Mcu.Pin1=PE3
Mcu.Pin10=PC4
Mcu.Pin11=PB1
Mcu.Pin12=PE10
Mcu.Pin13=PE12
Mcu.Pin14=PB13
Mcu.Pin15=PB15
Mcu.Pin16=PD15
Mcu.Pin17=PA13(JTMS/SWDIO)
Mcu.Pin18=PA14(JTCK/SWCLK)
Mcu.Pin19=PA15(JTDI)
Mcu.Pin2=PH0-OSC_IN
Mcu.Pin20=PC12
Mcu.Pin21=PD0
Mcu.Pin22=PD1
Mcu.Pin23=PD2
Mcu.Pin24=PB5
Mcu.Pin25=PB6
Mcu.Pin26=VP_SYS_VS_tim23
Mcu.Pin27=VP_TIM3_VS_ClockSourceINT
Mcu.Pin28=VP_TIM12_VS_ClockSourceINT
Mcu.Pin29=VP_STMicroelectronics.X-CUBE-AZRTOS-H7_VS_RTOSJjThreadX_6.2.1_3.2.0
Mcu.Pin3=PH1-OSC_OUT
Mcu.Pin4=PC0
Mcu.Pin5=PC1
Mcu.Pin6=PC2_C
Mcu.Pin7=PC3_C
Mcu.Pin8=PA5
Mcu.Pin9=PA7
Mcu.PinsNb=30
Mcu.ThirdParty0=STMicroelectronics.X-CUBE-AZRTOS-H7.3.2.0
Mcu.ThirdPartyNb=1
Mcu.UserConstants=
Mcu.UserName=STM32H723VETx
MxCube.Version=6.11.1
MxDb.Version=DB.6.0.111
NVIC.BDMA_Channel0_IRQn=true\:0\:0\:false\:false\:true\:true\:false\:true\:true
NVIC.BusFault_IRQn=true\:0\:0\:false\:false\:true\:false\:false\:false\:false
NVIC.DMA1_Stream0_IRQn=true\:0\:0\:false\:false\:true\:true\:false\:true\:true
NVIC.DMA1_Stream1_IRQn=true\:0\:0\:false\:false\:true\:true\:false\:true\:true
NVIC.DebugMonitor_IRQn=true\:0\:0\:false\:false\:true\:false\:false\:false\:false
NVIC.EXTI15_10_IRQn=true\:0\:0\:false\:false\:false\:false\:true\:true\:false
NVIC.FDCAN1_IT0_IRQn=true\:0\:0\:false\:false\:true\:false\:true\:true\:true
NVIC.FDCAN1_IT1_IRQn=true\:0\:0\:false\:false\:true\:false\:true\:true\:true
NVIC.FDCAN2_IT0_IRQn=true\:0\:0\:false\:false\:true\:false\:true\:true\:true
NVIC.FDCAN2_IT1_IRQn=true\:0\:0\:false\:false\:true\:false\:true\:true\:true
NVIC.ForceEnableDMAVector=true
NVIC.HardFault_IRQn=true\:0\:0\:false\:false\:true\:false\:false\:false\:false
NVIC.MemoryManagement_IRQn=true\:0\:0\:false\:false\:true\:false\:false\:false\:false
NVIC.NonMaskableInt_IRQn=true\:0\:0\:false\:false\:true\:false\:false\:false\:false
NVIC.PendSV_IRQn=true\:0\:0\:false\:false\:false\:false\:false\:false\:false
NVIC.PriorityGroup=NVIC_PRIORITYGROUP_4
NVIC.SPI6_IRQn=true\:0\:0\:false\:false\:true\:false\:false\:true\:true
NVIC.SVCall_IRQn=true\:0\:0\:false\:false\:false\:false\:false\:false\:false
NVIC.SavedPendsvIrqHandlerGenerated=true
NVIC.SavedSvcallIrqHandlerGenerated=true
NVIC.SavedSystickIrqHandlerGenerated=true
NVIC.SysTick_IRQn=true\:0\:0\:false\:false\:false\:false\:false\:true\:false
NVIC.TIM23_IRQn=true\:15\:0\:false\:false\:false\:false\:false\:true\:true
NVIC.TimeBase=TIM23_IRQn
NVIC.TimeBaseIP=TIM23
NVIC.UART5_IRQn=true\:0\:0\:false\:false\:true\:false\:true\:true\:true
NVIC.USART10_IRQn=true\:0\:0\:false\:false\:true\:false\:true\:true\:true
NVIC.UsageFault_IRQn=true\:0\:0\:false\:false\:true\:false\:false\:false\:false
PA13(JTMS/SWDIO).Mode=Serial_Wire
PA13(JTMS/SWDIO).Signal=DEBUG_JTMS-SWDIO
PA14(JTCK/SWCLK).Mode=Serial_Wire
PA14(JTCK/SWCLK).Signal=DEBUG_JTCK-SWCLK
PA15(JTDI).GPIOParameters=GPIO_Label
PA15(JTDI).GPIO_Label=KEY
PA15(JTDI).Locked=true
PA15(JTDI).Signal=GPIO_Input
PA5.Mode=TX_Only_Simplex_Unidirect_Master
PA5.Signal=SPI6_SCK
PA7.Mode=TX_Only_Simplex_Unidirect_Master
PA7.Signal=SPI6_MOSI
PB1.Locked=true
PB1.Signal=S_TIM3_CH4
PB13.Locked=true
PB13.Mode=Full_Duplex_Master
PB13.Signal=SPI2_SCK
PB15.Locked=true
PB15.Signal=S_TIM12_CH2
PB5.Locked=true
PB5.Mode=FDCAN_Activate
PB5.Signal=FDCAN2_RX
PB6.Locked=true
PB6.Mode=FDCAN_Activate
PB6.Signal=FDCAN2_TX
PC0.GPIOParameters=GPIO_Speed,PinState,GPIO_Label
PC0.GPIO_Label=SPI2_CS0
PC0.GPIO_Speed=GPIO_SPEED_FREQ_VERY_HIGH
PC0.Locked=true
PC0.PinState=GPIO_PIN_SET
PC0.Signal=GPIO_Output
PC1.Locked=true
PC1.Mode=Full_Duplex_Master
PC1.Signal=SPI2_MOSI
PC12.Mode=Asynchronous
PC12.Signal=UART5_TX
PC2_C.Locked=true
PC2_C.Mode=Full_Duplex_Master
PC2_C.Signal=SPI2_MISO
PC3_C.GPIOParameters=GPIO_Speed,PinState,GPIO_Label
PC3_C.GPIO_Label=SPI2_CS1
PC3_C.GPIO_Speed=GPIO_SPEED_FREQ_VERY_HIGH
PC3_C.Locked=true
PC3_C.PinState=GPIO_PIN_SET
PC3_C.Signal=GPIO_Output
PC4.Locked=true
PC4.Signal=ADCx_INP4
PD0.Locked=true
PD0.Mode=FDCAN_Activate
PD0.Signal=FDCAN1_RX
PD1.Mode=FDCAN_Activate
PD1.Signal=FDCAN1_TX
PD15.GPIOParameters=GPIO_Speed,PinState,GPIO_Label
PD15.GPIO_Label=LED_B
PD15.GPIO_Speed=GPIO_SPEED_FREQ_VERY_HIGH
PD15.Locked=true
PD15.PinState=GPIO_PIN_SET
PD15.Signal=GPIO_Output
PD2.Locked=true
PD2.Mode=Asynchronous
PD2.Signal=UART5_RX
PE10.GPIOParameters=GPIO_Label
PE10.GPIO_Label=IMU_INT1
PE10.Locked=true
PE10.Signal=GPXTI10
PE12.GPIOParameters=GPIO_Label
PE12.GPIO_Label=IMU_INT3
PE12.Locked=true
PE12.Signal=GPXTI12
PE2.Locked=true
PE2.Mode=Asynchronous
PE2.Signal=USART10_RX
PE3.Locked=true
PE3.Mode=Asynchronous
PE3.Signal=USART10_TX
PH0-OSC_IN.Mode=HSE-External-Oscillator
PH0-OSC_IN.Signal=RCC_OSC_IN
PH1-OSC_OUT.Mode=HSE-External-Oscillator
PH1-OSC_OUT.Signal=RCC_OSC_OUT
PinOutPanel.RotationAngle=0
ProjectManager.AskForMigrate=true
ProjectManager.BackupPrevious=false
ProjectManager.CompilerOptimize=6
ProjectManager.ComputerToolchain=false
ProjectManager.CoupleFile=true
ProjectManager.CustomerFirmwarePackage=
ProjectManager.DefaultFWLocation=true
ProjectManager.DeletePrevious=true
ProjectManager.DeviceId=STM32H723VETx
ProjectManager.FirmwarePackage=STM32Cube FW_H7 V1.11.2
ProjectManager.FreePins=false
ProjectManager.HalAssertFull=false
ProjectManager.HeapSize=0x200
ProjectManager.KeepUserCode=true
ProjectManager.LastFirmware=true
ProjectManager.LibraryCopy=1
ProjectManager.MainLocation=Core/Src
ProjectManager.NoMain=false
ProjectManager.PreviousToolchain=STM32CubeIDE
ProjectManager.ProjectBuild=false
ProjectManager.ProjectFileName=BananaBot.ioc
ProjectManager.ProjectName=BananaBot
ProjectManager.ProjectStructure=
ProjectManager.RegisterCallBack=
ProjectManager.StackSize=0x400
ProjectManager.TargetToolchain=STM32CubeIDE
ProjectManager.ToolChainLocation=
ProjectManager.UAScriptAfterPath=
ProjectManager.UAScriptBeforePath=
ProjectManager.UnderRoot=true
ProjectManager.functionlistsort=1-SystemClock_Config-RCC-false-HAL-false,2-MX_GPIO_Init-GPIO-false-LL-true,3-MX_BDMA_Init-BDMA-false-HAL-true,4-MX_DMA_Init-DMA-false-HAL-true,5-MX_FDCAN2_Init-FDCAN2-false-HAL-true,6-MX_SPI2_Init-SPI2-false-HAL-true,7-MX_SPI6_Init-SPI6-false-HAL-true,8-MX_TIM12_Init-TIM12-false-LL-true,9-MX_ADC1_Init-ADC1-false-HAL-true,10-MX_USART10_UART_Init-USART10-false-HAL-true,11-MX_FDCAN1_Init-FDCAN1-false-HAL-true,12-MX_TIM3_Init-TIM3-false-LL-true,13-MX_UART5_Init-UART5-false-HAL-true,0-MX_CORTEX_M7_Init-CORTEX_M7-false-HAL-true
RCC.ADCCLockSelection=RCC_ADCCLKSOURCE_PLL3
RCC.ADCFreq_Value=96000000
RCC.AHB12Freq_Value=275000000
RCC.AHB4Freq_Value=275000000
RCC.APB1Freq_Value=137500000
RCC.APB2Freq_Value=137500000
RCC.APB3Freq_Value=137500000
RCC.APB4Freq_Value=137500000
RCC.AXIClockFreq_Value=275000000
RCC.CECFreq_Value=32000
RCC.CKPERFreq_Value=64000000
RCC.CortexFreq_Value=550000000
RCC.CpuClockFreq_Value=550000000
RCC.D1CPREFreq_Value=550000000
RCC.D1PPRE=RCC_APB3_DIV2
RCC.D2PPRE1=RCC_APB1_DIV2
RCC.D2PPRE2=RCC_APB2_DIV2
RCC.D3PPRE=RCC_APB4_DIV2
RCC.DFSDMACLkFreq_Value=275000000
RCC.DFSDMFreq_Value=137500000
RCC.DIVM1=3
RCC.DIVM2=4
RCC.DIVM3=2
RCC.DIVN1=68
RCC.DIVN2=80
RCC.DIVN3=16
RCC.DIVP1=1
RCC.DIVP1Freq_Value=550000000
RCC.DIVP2Freq_Value=240000000
RCC.DIVP3Freq_Value=96000000
RCC.DIVQ1Freq_Value=275000000
RCC.DIVQ2=6
RCC.DIVQ2Freq_Value=80000000
RCC.DIVQ3=3
RCC.DIVQ3Freq_Value=64000000
RCC.DIVR1Freq_Value=275000000
RCC.DIVR2Freq_Value=240000000
RCC.DIVR3Freq_Value=96000000
RCC.FDCANCLockSelection=RCC_FDCANCLKSOURCE_HSE
RCC.FDCANFreq_Value=24000000
RCC.FMCFreq_Value=275000000
RCC.FamilyName=M
RCC.HCLK3ClockFreq_Value=275000000
RCC.HCLKFreq_Value=275000000
RCC.HPRE=RCC_HCLK_DIV2
RCC.HSE_VALUE=24000000
RCC.I2C123Freq_Value=137500000
RCC.I2C4Freq_Value=137500000
RCC.IPParameters=ADCCLockSelection,ADCFreq_Value,AHB12Freq_Value,AHB4Freq_Value,APB1Freq_Value,APB2Freq_Value,APB3Freq_Value,APB4Freq_Value,AXIClockFreq_Value,CECFreq_Value,CKPERFreq_Value,CortexFreq_Value,CpuClockFreq_Value,D1CPREFreq_Value,D1PPRE,D2PPRE1,D2PPRE2,D3PPRE,DFSDMACLkFreq_Value,DFSDMFreq_Value,DIVM1,DIVM2,DIVM3,DIVN1,DIVN2,DIVN3,DIVP1,DIVP1Freq_Value,DIVP2Freq_Value,DIVP3Freq_Value,DIVQ1Freq_Value,DIVQ2,DIVQ2Freq_Value,DIVQ3,DIVQ3Freq_Value,DIVR1Freq_Value,DIVR2Freq_Value,DIVR3Freq_Value,FDCANCLockSelection,FDCANFreq_Value,FMCFreq_Value,FamilyName,HCLK3ClockFreq_Value,HCLKFreq_Value,HPRE,HSE_VALUE,I2C123Freq_Value,I2C4Freq_Value,LPTIM1Freq_Value,LPTIM2Freq_Value,LPTIM345Freq_Value,LPUART1Freq_Value,LTDCFreq_Value,MCO1PinFreq_Value,MCO2PinFreq_Value,PLL1_VCI_Range,PLL3FRACN,PLLFRACN,PLLSourceVirtual,QSPIFreq_Value,RNGFreq_Value,RTCFreq_Value,SAI1Freq_Value,SAI4AFreq_Value,SAI4BFreq_Value,SDMMCFreq_Value,SPDIFRXFreq_Value,SPI123CLockSelection,SPI123Freq_Value,SPI45Freq_Value,SPI6CLockSelection,SPI6Freq_Value,SWPMI1Freq_Value,SYSCLKFreq_VALUE,SYSCLKSource,Tim1OutputFreq_Value,Tim2OutputFreq_Value,TraceFreq_Value,USART16CLockSelection,USART16Freq_Value,USART234578Freq_Value,USBCLockSelection,USBFreq_Value,VCO1OutputFreq_Value,VCO2OutputFreq_Value,VCO3OutputFreq_Value,VCOInput1Freq_Value,VCOInput2Freq_Value,VCOInput3Freq_Value
RCC.LPTIM1Freq_Value=137500000
RCC.LPTIM2Freq_Value=137500000
RCC.LPTIM345Freq_Value=137500000
RCC.LPUART1Freq_Value=137500000
RCC.LTDCFreq_Value=96000000
RCC.MCO1PinFreq_Value=64000000
RCC.MCO2PinFreq_Value=550000000
RCC.PLL1_VCI_Range=RCC_PLL1VCIRANGE_3
RCC.PLL3FRACN=0
RCC.PLLFRACN=6144
RCC.PLLSourceVirtual=RCC_PLLSOURCE_HSE
RCC.QSPIFreq_Value=275000000
RCC.RNGFreq_Value=48000000
RCC.RTCFreq_Value=32000
RCC.SAI1Freq_Value=275000000
RCC.SAI4AFreq_Value=275000000
RCC.SAI4BFreq_Value=275000000
RCC.SDMMCFreq_Value=275000000
RCC.SPDIFRXFreq_Value=275000000
RCC.SPI123CLockSelection=RCC_SPI123CLKSOURCE_PLL3
RCC.SPI123Freq_Value=96000000
RCC.SPI45Freq_Value=137500000
RCC.SPI6CLockSelection=RCC_SPI6CLKSOURCE_PLL2
RCC.SPI6Freq_Value=80000000
RCC.SWPMI1Freq_Value=137500000
RCC.SYSCLKFreq_VALUE=550000000
RCC.SYSCLKSource=RCC_SYSCLKSOURCE_PLLCLK
RCC.Tim1OutputFreq_Value=275000000
RCC.Tim2OutputFreq_Value=275000000
RCC.TraceFreq_Value=275000000
RCC.USART16CLockSelection=RCC_USART16910CLKSOURCE_PLL3
RCC.USART16Freq_Value=64000000
RCC.USART234578Freq_Value=137500000
RCC.USBCLockSelection=RCC_USBCLKSOURCE_HSI48
RCC.USBFreq_Value=48000000
RCC.VCO1OutputFreq_Value=550000000
RCC.VCO2OutputFreq_Value=480000000
RCC.VCO3OutputFreq_Value=192000000
RCC.VCOInput1Freq_Value=8000000
RCC.VCOInput2Freq_Value=6000000
RCC.VCOInput3Freq_Value=12000000
SH.ADCx_INP4.0=ADC1_INP4,IN4-Single-Ended
SH.ADCx_INP4.ConfNb=1
SH.GPXTI10.0=GPIO_EXTI10
SH.GPXTI10.ConfNb=1
SH.GPXTI12.0=GPIO_EXTI12
SH.GPXTI12.ConfNb=1
SH.S_TIM12_CH2.0=TIM12_CH2,PWM Generation2 CH2
SH.S_TIM12_CH2.ConfNb=1
SH.S_TIM3_CH4.0=TIM3_CH4,PWM Generation4 CH4
SH.S_TIM3_CH4.ConfNb=1
SPI2.BaudRatePrescaler=SPI_BAUDRATEPRESCALER_8
SPI2.CalculateBaudRate=12.0 MBits/s
SPI2.DataSize=SPI_DATASIZE_8BIT
SPI2.Direction=SPI_DIRECTION_2LINES
SPI2.IPParameters=VirtualType,Mode,Direction,CalculateBaudRate,BaudRatePrescaler,DataSize
SPI2.Mode=SPI_MODE_MASTER
SPI2.VirtualType=VM_MASTER
SPI6.BaudRatePrescaler=SPI_BAUDRATEPRESCALER_32
SPI6.CalculateBaudRate=2.5 MBits/s
SPI6.DataSize=SPI_DATASIZE_8BIT
SPI6.Direction=SPI_DIRECTION_2LINES_TXONLY
SPI6.IPParameters=VirtualType,Mode,Direction,CalculateBaudRate,BaudRatePrescaler,DataSize
SPI6.Mode=SPI_MODE_MASTER
SPI6.VirtualType=VM_MASTER
STMicroelectronics.X-CUBE-AZRTOS-H7.3.2.0.IPParameters=TX_TIMER_TICKS_PER_SECOND,TX_DISABLE_STACK_FILLING,TX_ENABLE_STACK_CHECKING,TX_DISABLE_PREEMPTION_THRESHOLD,TX_DISABLE_REDUNDANT_CLEARING,TX_DISABLE_NOTIFY_CALLBACKS,TX_INLINE_THREAD_RESUME_SUSPEND,TX_REACTIVATE_INLINE,TX_TIMER_PROCESS_IN_ISR,UX_SLAVE_REQUEST_DATA_MAX_LENGTH,USBD_CDCACM_EPINCMD_ADDR,USBD_PRODUCT_STRING,TX_ENABLE_EVENT_TRACE,ThreadXCcRTOSJjThreadXJjCore,ThreadXCcRTOSJjThreadXJjTraceXOosupport
STMicroelectronics.X-CUBE-AZRTOS-H7.3.2.0.RTOSJjThreadX_Checked=true
STMicroelectronics.X-CUBE-AZRTOS-H7.3.2.0.TX_DISABLE_NOTIFY_CALLBACKS=1
STMicroelectronics.X-CUBE-AZRTOS-H7.3.2.0.TX_DISABLE_PREEMPTION_THRESHOLD=0
STMicroelectronics.X-CUBE-AZRTOS-H7.3.2.0.TX_DISABLE_REDUNDANT_CLEARING=1
STMicroelectronics.X-CUBE-AZRTOS-H7.3.2.0.TX_DISABLE_STACK_FILLING=1
STMicroelectronics.X-CUBE-AZRTOS-H7.3.2.0.TX_ENABLE_EVENT_TRACE=1
STMicroelectronics.X-CUBE-AZRTOS-H7.3.2.0.TX_ENABLE_STACK_CHECKING=0
STMicroelectronics.X-CUBE-AZRTOS-H7.3.2.0.TX_INLINE_THREAD_RESUME_SUSPEND=1
STMicroelectronics.X-CUBE-AZRTOS-H7.3.2.0.TX_REACTIVATE_INLINE=1
STMicroelectronics.X-CUBE-AZRTOS-H7.3.2.0.TX_TIMER_PROCESS_IN_ISR=1
STMicroelectronics.X-CUBE-AZRTOS-H7.3.2.0.TX_TIMER_TICKS_PER_SECOND=1000
STMicroelectronics.X-CUBE-AZRTOS-H7.3.2.0.ThreadXCcRTOSJjThreadXJjCore=true
STMicroelectronics.X-CUBE-AZRTOS-H7.3.2.0.ThreadXCcRTOSJjThreadXJjTraceXOosupport=true
STMicroelectronics.X-CUBE-AZRTOS-H7.3.2.0.USBD_CDCACM_EPINCMD_ADDR=2
STMicroelectronics.X-CUBE-AZRTOS-H7.3.2.0.USBD_PRODUCT_STRING=BananaBot
STMicroelectronics.X-CUBE-AZRTOS-H7.3.2.0.UX_SLAVE_REQUEST_DATA_MAX_LENGTH=512
STMicroelectronics.X-CUBE-AZRTOS-H7.3.2.0_IsAnAzureRtosMw=true
STMicroelectronics.X-CUBE-AZRTOS-H7.3.2.0_SwParameter=ThreadXCcRTOSJjThreadXJjTraceXOosupport\:true;ThreadXCcRTOSJjThreadXJjCore\:true;
TIM12.Channel-PWM\ Generation2\ CH2=TIM_CHANNEL_2
TIM12.IPParameters=Channel-PWM Generation2 CH2,Prescaler,Period
TIM12.Period=99
TIM12.Prescaler=600
TIM3.Channel-PWM\ Generation4\ CH4=TIM_CHANNEL_4
TIM3.IPParameters=Channel-PWM Generation4 CH4,Prescaler,Period
TIM3.Period=999
TIM3.Prescaler=274
UART5.BaudRate=100000
UART5.IPParameters=Mode,BaudRate,Parity,StopBits,WordLength
UART5.Mode=MODE_RX
UART5.Parity=PARITY_EVEN
UART5.StopBits=UART_STOPBITS_2
UART5.WordLength=WORDLENGTH_9B
USART10.BaudRate=921600
USART10.IPParameters=VirtualMode,BaudRate
USART10.VirtualMode=VM_ASYNC
VP_STMicroelectronics.X-CUBE-AZRTOS-H7_VS_RTOSJjThreadX_6.2.1_3.2.0.Mode=RTOSJjThreadX
VP_STMicroelectronics.X-CUBE-AZRTOS-H7_VS_RTOSJjThreadX_6.2.1_3.2.0.Signal=STMicroelectronics.X-CUBE-AZRTOS-H7_VS_RTOSJjThreadX_6.2.1_3.2.0
VP_SYS_VS_tim23.Mode=TIM23
VP_SYS_VS_tim23.Signal=SYS_VS_tim23
VP_TIM12_VS_ClockSourceINT.Mode=Internal
VP_TIM12_VS_ClockSourceINT.Signal=TIM12_VS_ClockSourceINT
VP_TIM3_VS_ClockSourceINT.Mode=Internal
VP_TIM3_VS_ClockSourceINT.Signal=TIM3_VS_ClockSourceINT
board=custom
